
Microsoft Visual Studio Solution File, Format Version 12.00
# Visual Studio Version 17
VisualStudioVersion = 17.7.34031.279
MinimumVisualStudioVersion = 10.0.40219.1
Project("{FAE04EC0-301F-11D3-BF4B-00C04F79EFBC}") = "GoogleAuthentication", "GoogleAuthentication\GoogleAuthentication.csproj", "{01B0BBDE-9257-49BF-A2C6-9E3433A2D911}"
EndProject
Global
	GlobalSection(SolutionConfigurationPlatforms) = preSolution
		Debug|Any CPU = Debug|Any CPU
		Release|Any CPU = Release|Any CPU
	EndGlobalSection
	GlobalSection(ProjectConfigurationPlatforms) = postSolution
		{01B0BBDE-9257-49BF-A2C6-9E3433A2D911}.Debug|Any CPU.ActiveCfg = Debug|Any CPU
		{01B0BBDE-9257-49BF-A2C6-9E3433A2D911}.Debug|Any CPU.Build.0 = Debug|Any CPU
		{01B0BBDE-9257-49BF-A2C6-9E3433A2D911}.Release|Any CPU.ActiveCfg = Release|Any CPU
		{01B0BBDE-9257-49BF-A2C6-9E3433A2D911}.Release|Any CPU.Build.0 = Release|Any CPU
	EndGlobalSection
	GlobalSection(SolutionProperties) = preSolution
		HideSolutionNode = FALSE
	EndGlobalSection
	GlobalSection(ExtensibilityGlobals) = postSolution
		SolutionGuid = {879ECBBC-684A-4FEE-BEB2-BF99A5A8554C}
	EndGlobalSection
EndGlobal
